
Microsoft Visual Studio Solution File, Format Version 12.00
# Visual Studio 14
VisualStudioVersion = 14.0.25123.0
MinimumVisualStudioVersion = 10.0.40219.1
Project("{FAE04EC0-301F-11D3-BF4B-00C04F79EFBC}") = "STG", "STG\STG.csproj", "{22B59B9E-6556-4C0D-BBCA-9853BF91F17F}"
EndProject
Project("{FAE04EC0-301F-11D3-BF4B-00C04F79EFBC}") = "STG.Tests", "STG.Tests\STG.Tests.csproj", "{1E8D54B3-E0EE-4429-A6BA-1ECED78DC904}"
EndProject
Global
	GlobalSection(SolutionConfigurationPlatforms) = preSolution
		Debug|Any CPU = Debug|Any CPU
		Release|Any CPU = Release|Any CPU
	EndGlobalSection
	GlobalSection(ProjectConfigurationPlatforms) = postSolution
		{22B59B9E-6556-4C0D-BBCA-9853BF91F17F}.Debug|Any CPU.ActiveCfg = Debug|Any CPU
		{22B59B9E-6556-4C0D-BBCA-9853BF91F17F}.Debug|Any CPU.Build.0 = Debug|Any CPU
		{22B59B9E-6556-4C0D-BBCA-9853BF91F17F}.Release|Any CPU.ActiveCfg = Release|Any CPU
		{22B59B9E-6556-4C0D-BBCA-9853BF91F17F}.Release|Any CPU.Build.0 = Release|Any CPU
		{1E8D54B3-E0EE-4429-A6BA-1ECED78DC904}.Debug|Any CPU.ActiveCfg = Debug|Any CPU
		{1E8D54B3-E0EE-4429-A6BA-1ECED78DC904}.Debug|Any CPU.Build.0 = Debug|Any CPU
		{1E8D54B3-E0EE-4429-A6BA-1ECED78DC904}.Release|Any CPU.ActiveCfg = Release|Any CPU
		{1E8D54B3-E0EE-4429-A6BA-1ECED78DC904}.Release|Any CPU.Build.0 = Release|Any CPU
	EndGlobalSection
	GlobalSection(SolutionProperties) = preSolution
		HideSolutionNode = FALSE
	EndGlobalSection
EndGlobal
